
Microsoft Visual Studio Solution File, Format Version 12.00
# Visual Studio Version 16
VisualStudioVersion = 16.0.31205.134
MinimumVisualStudioVersion = 10.0.40219.1
Project("{FAE04EC0-301F-11D3-BF4B-00C04F79EFBC}") = "AppAmericanCheese.Infraestructura.API", "AmericanCheesewebBackend\AppAmericanCheese.Infraestructura.API.csproj", "{A6BB3744-6129-4792-A782-AAB65A141A2C}"
EndProject
Project("{FAE04EC0-301F-11D3-BF4B-00C04F79EFBC}") = "AppAmericanCheese.Aplicaciones", "AppAmericanCheese.Aplicaciones\AppAmericanCheese.Aplicaciones.csproj", "{5AFA6646-48A3-437D-9D14-ECC6C01C1395}"
EndProject
Project("{FAE04EC0-301F-11D3-BF4B-00C04F79EFBC}") = "AppAmericanCheese.Dominio", "AppAmericanCheese.Dominio\AppAmericanCheese.Dominio.csproj", "{17121C32-851C-4708-B59D-6CCF228A3939}"
EndProject
Project("{FAE04EC0-301F-11D3-BF4B-00C04F79EFBC}") = "AppAmericanCheese.Infraestructura.Datos", "AppAmericanCheese.Infraestructura.Datos\AppAmericanCheese.Infraestructura.Datos.csproj", "{65EB39CE-A942-4720-8391-319E77820AD8}"
EndProject
Global
	GlobalSection(SolutionConfigurationPlatforms) = preSolution
		Debug|Any CPU = Debug|Any CPU
		Release|Any CPU = Release|Any CPU
	EndGlobalSection
	GlobalSection(ProjectConfigurationPlatforms) = postSolution
		{A6BB3744-6129-4792-A782-AAB65A141A2C}.Debug|Any CPU.ActiveCfg = Debug|Any CPU
		{A6BB3744-6129-4792-A782-AAB65A141A2C}.Debug|Any CPU.Build.0 = Debug|Any CPU
		{A6BB3744-6129-4792-A782-AAB65A141A2C}.Release|Any CPU.ActiveCfg = Release|Any CPU
		{A6BB3744-6129-4792-A782-AAB65A141A2C}.Release|Any CPU.Build.0 = Release|Any CPU
		{5AFA6646-48A3-437D-9D14-ECC6C01C1395}.Debug|Any CPU.ActiveCfg = Debug|Any CPU
		{5AFA6646-48A3-437D-9D14-ECC6C01C1395}.Debug|Any CPU.Build.0 = Debug|Any CPU
		{5AFA6646-48A3-437D-9D14-ECC6C01C1395}.Release|Any CPU.ActiveCfg = Release|Any CPU
		{5AFA6646-48A3-437D-9D14-ECC6C01C1395}.Release|Any CPU.Build.0 = Release|Any CPU
		{17121C32-851C-4708-B59D-6CCF228A3939}.Debug|Any CPU.ActiveCfg = Debug|Any CPU
		{17121C32-851C-4708-B59D-6CCF228A3939}.Debug|Any CPU.Build.0 = Debug|Any CPU
		{17121C32-851C-4708-B59D-6CCF228A3939}.Release|Any CPU.ActiveCfg = Release|Any CPU
		{17121C32-851C-4708-B59D-6CCF228A3939}.Release|Any CPU.Build.0 = Release|Any CPU
		{65EB39CE-A942-4720-8391-319E77820AD8}.Debug|Any CPU.ActiveCfg = Debug|Any CPU
		{65EB39CE-A942-4720-8391-319E77820AD8}.Debug|Any CPU.Build.0 = Debug|Any CPU
		{65EB39CE-A942-4720-8391-319E77820AD8}.Release|Any CPU.ActiveCfg = Release|Any CPU
		{65EB39CE-A942-4720-8391-319E77820AD8}.Release|Any CPU.Build.0 = Release|Any CPU
	EndGlobalSection
	GlobalSection(SolutionProperties) = preSolution
		HideSolutionNode = FALSE
	EndGlobalSection
	GlobalSection(ExtensibilityGlobals) = postSolution
		SolutionGuid = {121F9BAD-F15F-429F-A089-8597D49E30CE}
	EndGlobalSection
EndGlobal
